
Microsoft Visual Studio Solution File, Format Version 12.00
# Visual Studio 15
VisualStudioVersion = 15.0.28010.2036
MinimumVisualStudioVersion = 10.0.40219.1
Project("{FAE04EC0-301F-11D3-BF4B-00C04F79EFBC}") = "exo8", "exo8\exo8.csproj", "{D5E23C8D-993F-4CC9-8DBC-EBDE566C1FD9}"
EndProject
Global
	GlobalSection(SolutionConfigurationPlatforms) = preSolution
		Debug|Any CPU = Debug|Any CPU
		Release|Any CPU = Release|Any CPU
	EndGlobalSection
	GlobalSection(ProjectConfigurationPlatforms) = postSolution
		{D5E23C8D-993F-4CC9-8DBC-EBDE566C1FD9}.Debug|Any CPU.ActiveCfg = Debug|Any CPU
		{D5E23C8D-993F-4CC9-8DBC-EBDE566C1FD9}.Debug|Any CPU.Build.0 = Debug|Any CPU
		{D5E23C8D-993F-4CC9-8DBC-EBDE566C1FD9}.Release|Any CPU.ActiveCfg = Release|Any CPU
		{D5E23C8D-993F-4CC9-8DBC-EBDE566C1FD9}.Release|Any CPU.Build.0 = Release|Any CPU
	EndGlobalSection
	GlobalSection(SolutionProperties) = preSolution
		HideSolutionNode = FALSE
	EndGlobalSection
	GlobalSection(ExtensibilityGlobals) = postSolution
		SolutionGuid = {7E4696A7-220D-4F0D-8B1A-007A0ABEC17E}
	EndGlobalSection
EndGlobal
